<Solution>
  <Folder Name="/src/">
    <Project Path="src/Persistord.Core/Persistord.Core.csproj" />
    <Project Path="src/Persistord.History/Persistord.History.csproj" />
    <Project Path="src/Persistord.Messages/Persistord.Messages.csproj" />
  </Folder>
  <Folder Name="/tests/">
    <Project Path="tests/Persistord.Core.Tests/Persistord.Core.Tests.csproj" />
  </Folder>
</Solution>
