<Solution>
  <Folder Name="/samples/">
    <Project Path="samples/Persistord.Sample/Persistord.Sample.csproj" />
    <Project Path="samples/Persistord.Sample.CoreGraph/Persistord.Sample.CoreGraph.csproj" />
    <Project Path="samples/Persistord.Sample.Messages/Persistord.Sample.Messages.csproj" />
    <Project Path="samples/Persistord.Sample.History/Persistord.Sample.History.csproj" />
    <Project Path="samples/Persistord.Sample.DiscordNet/Persistord.Sample.DiscordNet.csproj" />
  </Folder>
  <Folder Name="/src/">
    <Project Path="src/Persistord/Persistord.csproj" />
    <Project Path="src/Persistord.Adapters.DiscordNet/Persistord.Adapters.DiscordNet.csproj" />
    <Project Path="src/Persistord.Adapters.DSharpPlus/Persistord.Adapters.DSharpPlus.csproj" />
    <Project Path="src/Persistord.Adapters.NetCord/Persistord.Adapters.NetCord.csproj" />
    <Project Path="src/Persistord.Core/Persistord.Core.csproj" />
    <Project Path="src/Persistord.History/Persistord.History.csproj" />
    <Project Path="src/Persistord.Managed/Persistord.Managed.csproj" />
    <Project Path="src/Persistord.Messages/Persistord.Messages.csproj" />
    <Project Path="src/Persistord.Protection/Persistord.Protection.csproj" />
    <Project Path="src/Persistord.Testing/Persistord.Testing.csproj" />
  </Folder>
  <Folder Name="/tests/">
    <Project Path="tests/Persistord.Adapters.DiscordNet.Tests/Persistord.Adapters.DiscordNet.Tests.csproj" />
    <Project Path="tests/Persistord.Adapters.DSharpPlus.Tests/Persistord.Adapters.DSharpPlus.Tests.csproj" />
    <Project Path="tests/Persistord.Adapters.NetCord.Tests/Persistord.Adapters.NetCord.Tests.csproj" />
    <Project Path="tests/Persistord.Core.Tests/Persistord.Core.Tests.csproj" />
    <Project Path="tests/Persistord.History.Tests/Persistord.History.Tests.csproj" />
    <Project Path="tests/Persistord.Managed.Tests/Persistord.Managed.Tests.csproj" />
    <Project Path="tests/Persistord.Messages.Tests/Persistord.Messages.Tests.csproj" />
    <Project Path="tests/Persistord.Protection.Tests/Persistord.Protection.Tests.csproj" />
    <Project Path="tests/Persistord.Provider.Tests/Persistord.Provider.Tests.csproj" />
    <Project Path="tests/Persistord.Testing.Tests/Persistord.Testing.Tests.csproj" />
  </Folder>
</Solution>
