<Solution>
  <Folder Name="/samples/">
    <Project Path="samples/Persistord.Sample/Persistord.Sample.csproj" />
    <Project Path="samples/Persistord.Sample.CoreGraph/Persistord.Sample.CoreGraph.csproj" />
  </Folder>
  <Folder Name="/src/">
    <Project Path="src/Persistord.Adapters.DiscordNet/Persistord.Adapters.DiscordNet.csproj" />
    <Project Path="src/Persistord.Core/Persistord.Core.csproj" />
    <Project Path="src/Persistord.History/Persistord.History.csproj" />
    <Project Path="src/Persistord.Messages/Persistord.Messages.csproj" />
  </Folder>
  <Folder Name="/tests/">
    <Project Path="tests/Persistord.Adapters.DiscordNet.Tests/Persistord.Adapters.DiscordNet.Tests.csproj" />
    <Project Path="tests/Persistord.Core.Tests/Persistord.Core.Tests.csproj" />
    <Project Path="tests/Persistord.History.Tests/Persistord.History.Tests.csproj" />
    <Project Path="tests/Persistord.Messages.Tests/Persistord.Messages.Tests.csproj" />
    <Project Path="tests/Persistord.Provider.Tests/Persistord.Provider.Tests.csproj" />
  </Folder>
</Solution>
